dependencies:
  atanisoft/esp_lcd_touch_xpt2046:
    component_hash: 7e6381b67b6e487379118368b8e91624dc87036ef5734818de1db9eb35697998
    dependencies:
    - name: espressif/esp_lcd_touch
      registry_url: https://components.espressif.com
      require: private
      version: '>=1.0.4'
    - name: idf
      require: private
      version: '>=4.4'
    source:
      registry_url: https://components.espressif.com/
      type: service
    version: 1.0.6
  espressif/esp_lcd_touch:
    component_hash: 779b4ba2464a3ae85681e4b860caa5fdc35801458c23f3039ee761bae7f442a4
    dependencies:
    - name: idf
      require: private
      version: '>=4.4.2'
    source:
      registry_url: https://components.espressif.com
      type: service
    version: 1.1.2
  idf:
    source:
      type: idf
    version: 5.5.1
  lvgl/lvgl:
    component_hash: b702d642e03e95928046d5c6726558e6444e112420c77efa5fdb6650b0a13c5d
    dependencies: []
    source:
      registry_url: https://components.espressif.com/
      type: service
    version: 9.3.0
direct_dependencies:
- atanisoft/esp_lcd_touch_xpt2046
- idf
- lvgl/lvgl
manifest_hash: 75b597d640e1b3a16a5cb9d63537334ded35fe8545f36f8a53dbf4754b6f3622
target: esp32
version: 2.0.0
